
Microsoft Visual Studio Solution File, Format Version 12.00
# Visual Studio 2012
Project("{FAE04EC0-301F-11D3-BF4B-00C04F79EFBC}") = "Nmp", "Nmp\Nmp.csproj", "{D70A2431-59C3-43D1-9CA9-EC9E5344BCD7}"
EndProject
Project("{FAE04EC0-301F-11D3-BF4B-00C04F79EFBC}") = "NmpBase", "NmpBase\NmpBase.csproj", "{9ED13A14-924A-455B-88B2-F6C4DBA5EC42}"
EndProject
Project("{2150E333-8FDC-42A3-9474-1A3956D46DE8}") = "Nmp", "Nmp", "{0F82E9D4-B284-45E0-9822-3E22ABF8C19B}"
EndProject
Project("{2150E333-8FDC-42A3-9474-1A3956D46DE8}") = "NmpBase", "NmpBase", "{15D24A92-BAD8-4BDD-BD06-ABFFD1F087E3}"
EndProject
Project("{FAE04EC0-301F-11D3-BF4B-00C04F79EFBC}") = "NmpBase Tests", "NmpBase\NmpBase Tests\NmpBase Tests.csproj", "{C8868F35-B4FA-4533-BA83-503CCBFDE5D0}"
EndProject
Project("{FAE04EC0-301F-11D3-BF4B-00C04F79EFBC}") = "NmpTests", "Nmp\NmpTests\NmpTests.csproj", "{C4B2BBF9-E45C-4C47-86FA-2DD3E49A0F5B}"
EndProject
Project("{FAE04EC0-301F-11D3-BF4B-00C04F79EFBC}") = "NmpBasicTracer", "NmpBasicTracer\NmpBasicTracer.csproj", "{1E2D34BF-63A9-43DB-A204-2E1BC6BBC2AF}"
EndProject
Project("{FAE04EC0-301F-11D3-BF4B-00C04F79EFBC}") = "NmpCmdLineHost", "Nmp-Hosts\NmpCmdLineHost\NmpCmdLineHost.csproj", "{050385EB-076F-44A7-90EA-06FE07BF83C6}"
EndProject
Project("{2150E333-8FDC-42A3-9474-1A3956D46DE8}") = "Nmp Hosts", "Nmp Hosts", "{5D91BFBA-2690-4743-ACFF-FCC079F3E2F4}"
EndProject
Project("{FAE04EC0-301F-11D3-BF4B-00C04F79EFBC}") = "NmpMSBuildTask", "Nmp-Hosts\NmpMSBuildTask\NmpMSBuildTask.csproj", "{F1D75B86-2A2F-41F7-93E2-31071029176D}"
EndProject
Project("{FAE04EC0-301F-11D3-BF4B-00C04F79EFBC}") = "NmpCustomTool", "Nmp-Hosts\NmpCustomTool\NmpCustomTool.csproj", "{3CFC7B5F-3C9E-44F0-876A-B4602EA59194}"
EndProject
Project("{2150E333-8FDC-42A3-9474-1A3956D46DE8}") = "NmpCustomTool", "NmpCustomTool", "{FD8E8C40-37ED-47E6-9B14-6EF0A9E43A76}"
EndProject
Project("{FAE04EC0-301F-11D3-BF4B-00C04F79EFBC}") = "NmpCustomToolShim", "Nmp-Hosts\NmpCustomTool\CustomToolShim\NmpCustomToolShim.csproj", "{452B2098-49D1-470D-8C03-4B6C43B521EF}"
EndProject
Project("{FAE04EC0-301F-11D3-BF4B-00C04F79EFBC}") = "AfterBuild", "AfterBuild\AfterBuild.csproj", "{73E329E7-3F84-4254-A132-524A4629D95A}"
	ProjectSection(ProjectDependencies) = postProject
		{9ED13A14-924A-455B-88B2-F6C4DBA5EC42} = {9ED13A14-924A-455B-88B2-F6C4DBA5EC42}
		{D70A2431-59C3-43D1-9CA9-EC9E5344BCD7} = {D70A2431-59C3-43D1-9CA9-EC9E5344BCD7}
		{C8868F35-B4FA-4533-BA83-503CCBFDE5D0} = {C8868F35-B4FA-4533-BA83-503CCBFDE5D0}
		{3CFC7B5F-3C9E-44F0-876A-B4602EA59194} = {3CFC7B5F-3C9E-44F0-876A-B4602EA59194}
		{F1D75B86-2A2F-41F7-93E2-31071029176D} = {F1D75B86-2A2F-41F7-93E2-31071029176D}
		{452B2098-49D1-470D-8C03-4B6C43B521EF} = {452B2098-49D1-470D-8C03-4B6C43B521EF}
		{1E2D34BF-63A9-43DB-A204-2E1BC6BBC2AF} = {1E2D34BF-63A9-43DB-A204-2E1BC6BBC2AF}
		{050385EB-076F-44A7-90EA-06FE07BF83C6} = {050385EB-076F-44A7-90EA-06FE07BF83C6}
		{C4B2BBF9-E45C-4C47-86FA-2DD3E49A0F5B} = {C4B2BBF9-E45C-4C47-86FA-2DD3E49A0F5B}
	EndProjectSection
EndProject
Project("{2150E333-8FDC-42A3-9474-1A3956D46DE8}") = ".Common", ".Common", "{FDD87991-D34E-4304-863E-29123BC4B966}"
	ProjectSection(SolutionItems) = preProject
		Common\Attributes.cs = Common\Attributes.cs
		Common\SharedAssemblyInfo.cs = Common\SharedAssemblyInfo.cs
	EndProjectSection
EndProject
Project("{2150E333-8FDC-42A3-9474-1A3956D46DE8}") = ".Dcoumentation", ".Dcoumentation", "{48B2E038-434D-4F0F-85F2-BB3F2BAAD932}"
	ProjectSection(SolutionItems) = preProject
		Documentation\Info.txt = Documentation\Info.txt
		Documentation\Notes and Surprizes.txt = Documentation\Notes and Surprizes.txt
	EndProjectSection
EndProject
Global
	GlobalSection(SolutionConfigurationPlatforms) = preSolution
		Debug|Any CPU = Debug|Any CPU
		Debug|Mixed Platforms = Debug|Mixed Platforms
		Debug|x86 = Debug|x86
		Release|Any CPU = Release|Any CPU
		Release|Mixed Platforms = Release|Mixed Platforms
		Release|x86 = Release|x86
	EndGlobalSection
	GlobalSection(ProjectConfigurationPlatforms) = postSolution
		{D70A2431-59C3-43D1-9CA9-EC9E5344BCD7}.Debug|Any CPU.ActiveCfg = Debug|Any CPU
		{D70A2431-59C3-43D1-9CA9-EC9E5344BCD7}.Debug|Any CPU.Build.0 = Debug|Any CPU
		{D70A2431-59C3-43D1-9CA9-EC9E5344BCD7}.Debug|Mixed Platforms.ActiveCfg = Debug|Any CPU
		{D70A2431-59C3-43D1-9CA9-EC9E5344BCD7}.Debug|Mixed Platforms.Build.0 = Debug|Any CPU
		{D70A2431-59C3-43D1-9CA9-EC9E5344BCD7}.Debug|x86.ActiveCfg = Debug|Any CPU
		{D70A2431-59C3-43D1-9CA9-EC9E5344BCD7}.Release|Any CPU.ActiveCfg = Release|Any CPU
		{D70A2431-59C3-43D1-9CA9-EC9E5344BCD7}.Release|Any CPU.Build.0 = Release|Any CPU
		{D70A2431-59C3-43D1-9CA9-EC9E5344BCD7}.Release|Mixed Platforms.ActiveCfg = Release|Any CPU
		{D70A2431-59C3-43D1-9CA9-EC9E5344BCD7}.Release|Mixed Platforms.Build.0 = Release|Any CPU
		{D70A2431-59C3-43D1-9CA9-EC9E5344BCD7}.Release|x86.ActiveCfg = Release|Any CPU
		{9ED13A14-924A-455B-88B2-F6C4DBA5EC42}.Debug|Any CPU.ActiveCfg = Debug|Any CPU
		{9ED13A14-924A-455B-88B2-F6C4DBA5EC42}.Debug|Any CPU.Build.0 = Debug|Any CPU
		{9ED13A14-924A-455B-88B2-F6C4DBA5EC42}.Debug|Mixed Platforms.ActiveCfg = Debug|Any CPU
		{9ED13A14-924A-455B-88B2-F6C4DBA5EC42}.Debug|Mixed Platforms.Build.0 = Debug|Any CPU
		{9ED13A14-924A-455B-88B2-F6C4DBA5EC42}.Debug|x86.ActiveCfg = Debug|Any CPU
		{9ED13A14-924A-455B-88B2-F6C4DBA5EC42}.Release|Any CPU.ActiveCfg = Release|Any CPU
		{9ED13A14-924A-455B-88B2-F6C4DBA5EC42}.Release|Any CPU.Build.0 = Release|Any CPU
		{9ED13A14-924A-455B-88B2-F6C4DBA5EC42}.Release|Mixed Platforms.ActiveCfg = Release|Any CPU
		{9ED13A14-924A-455B-88B2-F6C4DBA5EC42}.Release|Mixed Platforms.Build.0 = Release|Any CPU
		{9ED13A14-924A-455B-88B2-F6C4DBA5EC42}.Release|x86.ActiveCfg = Release|Any CPU
		{C8868F35-B4FA-4533-BA83-503CCBFDE5D0}.Debug|Any CPU.ActiveCfg = Debug|Any CPU
		{C8868F35-B4FA-4533-BA83-503CCBFDE5D0}.Debug|Any CPU.Build.0 = Debug|Any CPU
		{C8868F35-B4FA-4533-BA83-503CCBFDE5D0}.Debug|Mixed Platforms.ActiveCfg = Debug|Any CPU
		{C8868F35-B4FA-4533-BA83-503CCBFDE5D0}.Debug|Mixed Platforms.Build.0 = Debug|Any CPU
		{C8868F35-B4FA-4533-BA83-503CCBFDE5D0}.Debug|x86.ActiveCfg = Debug|Any CPU
		{C8868F35-B4FA-4533-BA83-503CCBFDE5D0}.Release|Any CPU.ActiveCfg = Release|Any CPU
		{C8868F35-B4FA-4533-BA83-503CCBFDE5D0}.Release|Any CPU.Build.0 = Release|Any CPU
		{C8868F35-B4FA-4533-BA83-503CCBFDE5D0}.Release|Mixed Platforms.ActiveCfg = Release|Any CPU
		{C8868F35-B4FA-4533-BA83-503CCBFDE5D0}.Release|Mixed Platforms.Build.0 = Release|Any CPU
		{C8868F35-B4FA-4533-BA83-503CCBFDE5D0}.Release|x86.ActiveCfg = Release|Any CPU
		{C4B2BBF9-E45C-4C47-86FA-2DD3E49A0F5B}.Debug|Any CPU.ActiveCfg = Debug|Any CPU
		{C4B2BBF9-E45C-4C47-86FA-2DD3E49A0F5B}.Debug|Any CPU.Build.0 = Debug|Any CPU
		{C4B2BBF9-E45C-4C47-86FA-2DD3E49A0F5B}.Debug|Mixed Platforms.ActiveCfg = Debug|Any CPU
		{C4B2BBF9-E45C-4C47-86FA-2DD3E49A0F5B}.Debug|Mixed Platforms.Build.0 = Debug|Any CPU
		{C4B2BBF9-E45C-4C47-86FA-2DD3E49A0F5B}.Debug|x86.ActiveCfg = Debug|Any CPU
		{C4B2BBF9-E45C-4C47-86FA-2DD3E49A0F5B}.Release|Any CPU.ActiveCfg = Release|Any CPU
		{C4B2BBF9-E45C-4C47-86FA-2DD3E49A0F5B}.Release|Any CPU.Build.0 = Release|Any CPU
		{C4B2BBF9-E45C-4C47-86FA-2DD3E49A0F5B}.Release|Mixed Platforms.ActiveCfg = Release|Any CPU
		{C4B2BBF9-E45C-4C47-86FA-2DD3E49A0F5B}.Release|Mixed Platforms.Build.0 = Release|Any CPU
		{C4B2BBF9-E45C-4C47-86FA-2DD3E49A0F5B}.Release|x86.ActiveCfg = Release|Any CPU
		{1E2D34BF-63A9-43DB-A204-2E1BC6BBC2AF}.Debug|Any CPU.ActiveCfg = Debug|Any CPU
		{1E2D34BF-63A9-43DB-A204-2E1BC6BBC2AF}.Debug|Any CPU.Build.0 = Debug|Any CPU
		{1E2D34BF-63A9-43DB-A204-2E1BC6BBC2AF}.Debug|Mixed Platforms.ActiveCfg = Debug|Any CPU
		{1E2D34BF-63A9-43DB-A204-2E1BC6BBC2AF}.Debug|Mixed Platforms.Build.0 = Debug|Any CPU
		{1E2D34BF-63A9-43DB-A204-2E1BC6BBC2AF}.Debug|x86.ActiveCfg = Debug|Any CPU
		{1E2D34BF-63A9-43DB-A204-2E1BC6BBC2AF}.Release|Any CPU.ActiveCfg = Release|Any CPU
		{1E2D34BF-63A9-43DB-A204-2E1BC6BBC2AF}.Release|Any CPU.Build.0 = Release|Any CPU
		{1E2D34BF-63A9-43DB-A204-2E1BC6BBC2AF}.Release|Mixed Platforms.ActiveCfg = Release|Any CPU
		{1E2D34BF-63A9-43DB-A204-2E1BC6BBC2AF}.Release|Mixed Platforms.Build.0 = Release|Any CPU
		{1E2D34BF-63A9-43DB-A204-2E1BC6BBC2AF}.Release|x86.ActiveCfg = Release|Any CPU
		{050385EB-076F-44A7-90EA-06FE07BF83C6}.Debug|Any CPU.ActiveCfg = Debug|Any CPU
		{050385EB-076F-44A7-90EA-06FE07BF83C6}.Debug|Any CPU.Build.0 = Debug|Any CPU
		{050385EB-076F-44A7-90EA-06FE07BF83C6}.Debug|Mixed Platforms.ActiveCfg = Debug|Any CPU
		{050385EB-076F-44A7-90EA-06FE07BF83C6}.Debug|Mixed Platforms.Build.0 = Debug|Any CPU
		{050385EB-076F-44A7-90EA-06FE07BF83C6}.Debug|x86.ActiveCfg = Debug|Any CPU
		{050385EB-076F-44A7-90EA-06FE07BF83C6}.Release|Any CPU.ActiveCfg = Release|Any CPU
		{050385EB-076F-44A7-90EA-06FE07BF83C6}.Release|Any CPU.Build.0 = Release|Any CPU
		{050385EB-076F-44A7-90EA-06FE07BF83C6}.Release|Mixed Platforms.ActiveCfg = Release|Any CPU
		{050385EB-076F-44A7-90EA-06FE07BF83C6}.Release|Mixed Platforms.Build.0 = Release|Any CPU
		{050385EB-076F-44A7-90EA-06FE07BF83C6}.Release|x86.ActiveCfg = Release|Any CPU
		{F1D75B86-2A2F-41F7-93E2-31071029176D}.Debug|Any CPU.ActiveCfg = Debug|Any CPU
		{F1D75B86-2A2F-41F7-93E2-31071029176D}.Debug|Any CPU.Build.0 = Debug|Any CPU
		{F1D75B86-2A2F-41F7-93E2-31071029176D}.Debug|Mixed Platforms.ActiveCfg = Debug|Any CPU
		{F1D75B86-2A2F-41F7-93E2-31071029176D}.Debug|Mixed Platforms.Build.0 = Debug|Any CPU
		{F1D75B86-2A2F-41F7-93E2-31071029176D}.Debug|x86.ActiveCfg = Debug|Any CPU
		{F1D75B86-2A2F-41F7-93E2-31071029176D}.Release|Any CPU.ActiveCfg = Release|Any CPU
		{F1D75B86-2A2F-41F7-93E2-31071029176D}.Release|Any CPU.Build.0 = Release|Any CPU
		{F1D75B86-2A2F-41F7-93E2-31071029176D}.Release|Mixed Platforms.ActiveCfg = Release|Any CPU
		{F1D75B86-2A2F-41F7-93E2-31071029176D}.Release|Mixed Platforms.Build.0 = Release|Any CPU
		{F1D75B86-2A2F-41F7-93E2-31071029176D}.Release|x86.ActiveCfg = Release|Any CPU
		{3CFC7B5F-3C9E-44F0-876A-B4602EA59194}.Debug|Any CPU.ActiveCfg = Debug|Any CPU
		{3CFC7B5F-3C9E-44F0-876A-B4602EA59194}.Debug|Any CPU.Build.0 = Debug|Any CPU
		{3CFC7B5F-3C9E-44F0-876A-B4602EA59194}.Debug|Mixed Platforms.ActiveCfg = Debug|Any CPU
		{3CFC7B5F-3C9E-44F0-876A-B4602EA59194}.Debug|Mixed Platforms.Build.0 = Debug|Any CPU
		{3CFC7B5F-3C9E-44F0-876A-B4602EA59194}.Debug|x86.ActiveCfg = Debug|Any CPU
		{3CFC7B5F-3C9E-44F0-876A-B4602EA59194}.Release|Any CPU.ActiveCfg = Release|Any CPU
		{3CFC7B5F-3C9E-44F0-876A-B4602EA59194}.Release|Any CPU.Build.0 = Release|Any CPU
		{3CFC7B5F-3C9E-44F0-876A-B4602EA59194}.Release|Mixed Platforms.ActiveCfg = Release|Any CPU
		{3CFC7B5F-3C9E-44F0-876A-B4602EA59194}.Release|Mixed Platforms.Build.0 = Release|Any CPU
		{3CFC7B5F-3C9E-44F0-876A-B4602EA59194}.Release|x86.ActiveCfg = Release|Any CPU
		{452B2098-49D1-470D-8C03-4B6C43B521EF}.Debug|Any CPU.ActiveCfg = Debug|Any CPU
		{452B2098-49D1-470D-8C03-4B6C43B521EF}.Debug|Any CPU.Build.0 = Debug|Any CPU
		{452B2098-49D1-470D-8C03-4B6C43B521EF}.Debug|Mixed Platforms.ActiveCfg = Debug|Any CPU
		{452B2098-49D1-470D-8C03-4B6C43B521EF}.Debug|Mixed Platforms.Build.0 = Debug|Any CPU
		{452B2098-49D1-470D-8C03-4B6C43B521EF}.Debug|x86.ActiveCfg = Debug|Any CPU
		{452B2098-49D1-470D-8C03-4B6C43B521EF}.Release|Any CPU.ActiveCfg = Release|Any CPU
		{452B2098-49D1-470D-8C03-4B6C43B521EF}.Release|Any CPU.Build.0 = Release|Any CPU
		{452B2098-49D1-470D-8C03-4B6C43B521EF}.Release|Mixed Platforms.ActiveCfg = Release|Any CPU
		{452B2098-49D1-470D-8C03-4B6C43B521EF}.Release|Mixed Platforms.Build.0 = Release|Any CPU
		{452B2098-49D1-470D-8C03-4B6C43B521EF}.Release|x86.ActiveCfg = Release|Any CPU
		{73E329E7-3F84-4254-A132-524A4629D95A}.Debug|Any CPU.ActiveCfg = Debug|Any CPU
		{73E329E7-3F84-4254-A132-524A4629D95A}.Debug|Any CPU.Build.0 = Debug|Any CPU
		{73E329E7-3F84-4254-A132-524A4629D95A}.Debug|Mixed Platforms.ActiveCfg = Debug|Any CPU
		{73E329E7-3F84-4254-A132-524A4629D95A}.Debug|Mixed Platforms.Build.0 = Debug|Any CPU
		{73E329E7-3F84-4254-A132-524A4629D95A}.Debug|x86.ActiveCfg = Debug|Any CPU
		{73E329E7-3F84-4254-A132-524A4629D95A}.Release|Any CPU.ActiveCfg = Release|Any CPU
		{73E329E7-3F84-4254-A132-524A4629D95A}.Release|Any CPU.Build.0 = Release|Any CPU
		{73E329E7-3F84-4254-A132-524A4629D95A}.Release|Mixed Platforms.ActiveCfg = Release|Any CPU
		{73E329E7-3F84-4254-A132-524A4629D95A}.Release|Mixed Platforms.Build.0 = Release|Any CPU
		{73E329E7-3F84-4254-A132-524A4629D95A}.Release|x86.ActiveCfg = Release|Any CPU
	EndGlobalSection
	GlobalSection(SolutionProperties) = preSolution
		HideSolutionNode = FALSE
	EndGlobalSection
	GlobalSection(NestedProjects) = preSolution
		{D70A2431-59C3-43D1-9CA9-EC9E5344BCD7} = {0F82E9D4-B284-45E0-9822-3E22ABF8C19B}
		{C4B2BBF9-E45C-4C47-86FA-2DD3E49A0F5B} = {0F82E9D4-B284-45E0-9822-3E22ABF8C19B}
		{1E2D34BF-63A9-43DB-A204-2E1BC6BBC2AF} = {0F82E9D4-B284-45E0-9822-3E22ABF8C19B}
		{9ED13A14-924A-455B-88B2-F6C4DBA5EC42} = {15D24A92-BAD8-4BDD-BD06-ABFFD1F087E3}
		{C8868F35-B4FA-4533-BA83-503CCBFDE5D0} = {15D24A92-BAD8-4BDD-BD06-ABFFD1F087E3}
		{050385EB-076F-44A7-90EA-06FE07BF83C6} = {5D91BFBA-2690-4743-ACFF-FCC079F3E2F4}
		{F1D75B86-2A2F-41F7-93E2-31071029176D} = {5D91BFBA-2690-4743-ACFF-FCC079F3E2F4}
		{FD8E8C40-37ED-47E6-9B14-6EF0A9E43A76} = {5D91BFBA-2690-4743-ACFF-FCC079F3E2F4}
		{3CFC7B5F-3C9E-44F0-876A-B4602EA59194} = {FD8E8C40-37ED-47E6-9B14-6EF0A9E43A76}
		{452B2098-49D1-470D-8C03-4B6C43B521EF} = {FD8E8C40-37ED-47E6-9B14-6EF0A9E43A76}
	EndGlobalSection
EndGlobal
